
Microsoft Visual Studio Solution File, Format Version 12.00
# Visual Studio 15
VisualStudioVersion = 15.0.28307.102
MinimumVisualStudioVersion = 10.0.40219.1
Project("{FAE04EC0-301F-11D3-BF4B-00C04F79EFBC}") = "FewEvents", "FewEvents\FewEvents.csproj", "{DB17CF3B-F56C-472B-837D-0FF4377ACC45}"
EndProject
Global
	GlobalSection(SolutionConfigurationPlatforms) = preSolution
		Debug|Any CPU = Debug|Any CPU
		Release|Any CPU = Release|Any CPU
	EndGlobalSection
	GlobalSection(ProjectConfigurationPlatforms) = postSolution
		{DB17CF3B-F56C-472B-837D-0FF4377ACC45}.Debug|Any CPU.ActiveCfg = Debug|Any CPU
		{DB17CF3B-F56C-472B-837D-0FF4377ACC45}.Debug|Any CPU.Build.0 = Debug|Any CPU
		{DB17CF3B-F56C-472B-837D-0FF4377ACC45}.Release|Any CPU.ActiveCfg = Release|Any CPU
		{DB17CF3B-F56C-472B-837D-0FF4377ACC45}.Release|Any CPU.Build.0 = Release|Any CPU
	EndGlobalSection
	GlobalSection(SolutionProperties) = preSolution
		HideSolutionNode = FALSE
	EndGlobalSection
	GlobalSection(ExtensibilityGlobals) = postSolution
		SolutionGuid = {7C8F5D4D-A2CB-44EA-9F28-E06968F06C54}
	EndGlobalSection
EndGlobal
